// !$*UTF8*$!
{
	archiveVersion = 1;
	classes = {
	};
	objectVersion = 55;
	objects = {

/* Begin PBXBuildFile section */
		D95093BD28C3472F00977EDF /* ForYouViewController.swift in Sources */ = {isa = PBXBuildFile; fileRef = D95093BC28C3472F00977EDF /* ForYouViewController.swift */; };
		D95093BF28C3474C00977EDF /* AlbumsViewController.swift in Sources */ = {isa = PBXBuildFile; fileRef = D95093BE28C3474C00977EDF /* AlbumsViewController.swift */; };
		D95093C128C3476D00977EDF /* SearchViewController.swift in Sources */ = {isa = PBXBuildFile; fileRef = D95093C028C3476D00977EDF /* SearchViewController.swift */; };
		D95093C428C46DE300977EDF /* MyAlbumsCell.swift in Sources */ = {isa = PBXBuildFile; fileRef = D95093C328C46DE300977EDF /* MyAlbumsCell.swift */; };
		D95093C628C5339400977EDF /* AlbumsModel.swift in Sources */ = {isa = PBXBuildFile; fileRef = D95093C528C5339400977EDF /* AlbumsModel.swift */; };
		D95093CA28C5F03A00977EDF /* HeaderView.swift in Sources */ = {isa = PBXBuildFile; fileRef = D95093C928C5F03A00977EDF /* HeaderView.swift */; };
		D954673828C238EC003AAD10 /* AppDelegate.swift in Sources */ = {isa = PBXBuildFile; fileRef = D954673728C238EC003AAD10 /* AppDelegate.swift */; };
		D954673A28C238EC003AAD10 /* SceneDelegate.swift in Sources */ = {isa = PBXBuildFile; fileRef = D954673928C238EC003AAD10 /* SceneDelegate.swift */; };
		D954673C28C238EC003AAD10 /* MediaLibraryViewController.swift in Sources */ = {isa = PBXBuildFile; fileRef = D954673B28C238EC003AAD10 /* MediaLibraryViewController.swift */; };
		D954674128C238ED003AAD10 /* Assets.xcassets in Resources */ = {isa = PBXBuildFile; fileRef = D954674028C238ED003AAD10 /* Assets.xcassets */; };
		D954674428C238ED003AAD10 /* LaunchScreen.storyboard in Resources */ = {isa = PBXBuildFile; fileRef = D954674228C238ED003AAD10 /* LaunchScreen.storyboard */; };
		D954675528C34288003AAD10 /* MainTabBarController.swift in Sources */ = {isa = PBXBuildFile; fileRef = D954675428C34288003AAD10 /* MainTabBarController.swift */; };
/* End PBXBuildFile section */

/* Begin PBXFileReference section */
		D95093BC28C3472F00977EDF /* ForYouViewController.swift */ = {isa = PBXFileReference; lastKnownFileType = sourcecode.swift; path = ForYouViewController.swift; sourceTree = "<group>"; };
		D95093BE28C3474C00977EDF /* AlbumsViewController.swift */ = {isa = PBXFileReference; lastKnownFileType = sourcecode.swift; path = AlbumsViewController.swift; sourceTree = "<group>"; };
		D95093C028C3476D00977EDF /* SearchViewController.swift */ = {isa = PBXFileReference; lastKnownFileType = sourcecode.swift; path = SearchViewController.swift; sourceTree = "<group>"; };
		D95093C328C46DE300977EDF /* MyAlbumsCell.swift */ = {isa = PBXFileReference; lastKnownFileType = sourcecode.swift; path = MyAlbumsCell.swift; sourceTree = "<group>"; };
		D95093C528C5339400977EDF /* AlbumsModel.swift */ = {isa = PBXFileReference; lastKnownFileType = sourcecode.swift; path = AlbumsModel.swift; sourceTree = "<group>"; };
		D95093C928C5F03A00977EDF /* HeaderView.swift */ = {isa = PBXFileReference; lastKnownFileType = sourcecode.swift; path = HeaderView.swift; sourceTree = "<group>"; };
		D954673428C238EC003AAD10 /* IphonePhotoScreen.app */ = {isa = PBXFileReference; explicitFileType = wrapper.application; includeInIndex = 0; path = IphonePhotoScreen.app; sourceTree = BUILT_PRODUCTS_DIR; };
		D954673728C238EC003AAD10 /* AppDelegate.swift */ = {isa = PBXFileReference; lastKnownFileType = sourcecode.swift; path = AppDelegate.swift; sourceTree = "<group>"; };
		D954673928C238EC003AAD10 /* SceneDelegate.swift */ = {isa = PBXFileReference; lastKnownFileType = sourcecode.swift; path = SceneDelegate.swift; sourceTree = "<group>"; };
		D954673B28C238EC003AAD10 /* MediaLibraryViewController.swift */ = {isa = PBXFileReference; lastKnownFileType = sourcecode.swift; path = MediaLibraryViewController.swift; sourceTree = "<group>"; };
		D954674028C238ED003AAD10 /* Assets.xcassets */ = {isa = PBXFileReference; lastKnownFileType = folder.assetcatalog; path = Assets.xcassets; sourceTree = "<group>"; };
		D954674328C238ED003AAD10 /* Base */ = {isa = PBXFileReference; lastKnownFileType = file.storyboard; name = Base; path = Base.lproj/LaunchScreen.storyboard; sourceTree = "<group>"; };
		D954674528C238ED003AAD10 /* Info.plist */ = {isa = PBXFileReference; lastKnownFileType = text.plist.xml; path = Info.plist; sourceTree = "<group>"; };
		D954675428C34288003AAD10 /* MainTabBarController.swift */ = {isa = PBXFileReference; lastKnownFileType = sourcecode.swift; path = MainTabBarController.swift; sourceTree = "<group>"; };
/* End PBXFileReference section */

/* Begin PBXFrameworksBuildPhase section */
		D954673128C238EC003AAD10 /* Frameworks */ = {
			isa = PBXFrameworksBuildPhase;
			buildActionMask = 2147483647;
			files = (
			);
			runOnlyForDeploymentPostprocessing = 0;
		};
/* End PBXFrameworksBuildPhase section */

/* Begin PBXGroup section */
		D95093C228C46DA500977EDF /* Items */ = {
			isa = PBXGroup;
			children = (
				D95093C328C46DE300977EDF /* MyAlbumsCell.swift */,
				D95093C928C5F03A00977EDF /* HeaderView.swift */,
			);
			path = Items;
			sourceTree = "<group>";
		};
		D954672B28C238EC003AAD10 = {
			isa = PBXGroup;
			children = (
				D954673628C238EC003AAD10 /* IphonePhotoScreen */,
				D954673528C238EC003AAD10 /* Products */,
			);
			sourceTree = "<group>";
		};
		D954673528C238EC003AAD10 /* Products */ = {
			isa = PBXGroup;
			children = (
				D954673428C238EC003AAD10 /* IphonePhotoScreen.app */,
			);
			name = Products;
			sourceTree = "<group>";
		};
		D954673628C238EC003AAD10 /* IphonePhotoScreen */ = {
			isa = PBXGroup;
			children = (
				D954674B28C23F7E003AAD10 /* Sources */,
				D954674C28C23F8C003AAD10 /* Resources */,
			);
			path = IphonePhotoScreen;
			sourceTree = "<group>";
		};
		D954674B28C23F7E003AAD10 /* Sources */ = {
			isa = PBXGroup;
			children = (
				D954674E28C23FC2003AAD10 /* App */,
				D954674F28C23FCA003AAD10 /* Models */,
				D954675028C23FD2003AAD10 /* Controllers */,
				D95093C228C46DA500977EDF /* Items */,
				D954675128C23FE0003AAD10 /* Extensions */,
				D954675228C23FFA003AAD10 /* Storyboards */,
			);
			path = Sources;
			sourceTree = "<group>";
		};
		D954674C28C23F8C003AAD10 /* Resources */ = {
			isa = PBXGroup;
			children = (
				D954674228C238ED003AAD10 /* LaunchScreen.storyboard */,
				D954674028C238ED003AAD10 /* Assets.xcassets */,
				D954674D28C23FA1003AAD10 /* Configuration */,
			);
			path = Resources;
			sourceTree = "<group>";
		};
		D954674D28C23FA1003AAD10 /* Configuration */ = {
			isa = PBXGroup;
			children = (
				D954674528C238ED003AAD10 /* Info.plist */,
			);
			path = Configuration;
			sourceTree = "<group>";
		};
		D954674E28C23FC2003AAD10 /* App */ = {
			isa = PBXGroup;
			children = (
				D954673728C238EC003AAD10 /* AppDelegate.swift */,
				D954673928C238EC003AAD10 /* SceneDelegate.swift */,
			);
			path = App;
			sourceTree = "<group>";
		};
		D954674F28C23FCA003AAD10 /* Models */ = {
			isa = PBXGroup;
			children = (
				D95093C528C5339400977EDF /* AlbumsModel.swift */,
			);
			path = Models;
			sourceTree = "<group>";
		};
		D954675028C23FD2003AAD10 /* Controllers */ = {
			isa = PBXGroup;
			children = (
				D954675428C34288003AAD10 /* MainTabBarController.swift */,
				D954673B28C238EC003AAD10 /* MediaLibraryViewController.swift */,
				D95093BC28C3472F00977EDF /* ForYouViewController.swift */,
				D95093BE28C3474C00977EDF /* AlbumsViewController.swift */,
				D95093C028C3476D00977EDF /* SearchViewController.swift */,
			);
			path = Controllers;
			sourceTree = "<group>";
		};
		D954675128C23FE0003AAD10 /* Extensions */ = {
			isa = PBXGroup;
			children = (
			);
			path = Extensions;
			sourceTree = "<group>";
		};
		D954675228C23FFA003AAD10 /* Storyboards */ = {
			isa = PBXGroup;
			children = (
			);
			path = Storyboards;
			sourceTree = "<group>";
		};
/* End PBXGroup section */

/* Begin PBXNativeTarget section */
		D954673328C238EC003AAD10 /* IphonePhotoScreen */ = {
			isa = PBXNativeTarget;
			buildConfigurationList = D954674828C238ED003AAD10 /* Build configuration list for PBXNativeTarget "IphonePhotoScreen" */;
			buildPhases = (
				D954673028C238EC003AAD10 /* Sources */,
				D954673128C238EC003AAD10 /* Frameworks */,
				D954673228C238EC003AAD10 /* Resources */,
			);
			buildRules = (
			);
			dependencies = (
			);
			name = IphonePhotoScreen;
			productName = IphonePhotoScreen;
			productReference = D954673428C238EC003AAD10 /* IphonePhotoScreen.app */;
			productType = "com.apple.product-type.application";
		};
/* End PBXNativeTarget section */

/* Begin PBXProject section */
		D954672C28C238EC003AAD10 /* Project object */ = {
			isa = PBXProject;
			attributes = {
				BuildIndependentTargetsInParallel = 1;
				LastSwiftUpdateCheck = 1340;
				LastUpgradeCheck = 1340;
				TargetAttributes = {
					D954673328C238EC003AAD10 = {
						CreatedOnToolsVersion = 13.4.1;
					};
				};
			};
			buildConfigurationList = D954672F28C238EC003AAD10 /* Build configuration list for PBXProject "IphonePhotoScreen" */;
			compatibilityVersion = "Xcode 13.0";
			developmentRegion = en;
			hasScannedForEncodings = 0;
			knownRegions = (
				en,
				Base,
			);
			mainGroup = D954672B28C238EC003AAD10;
			productRefGroup = D954673528C238EC003AAD10 /* Products */;
			projectDirPath = "";
			projectRoot = "";
			targets = (
				D954673328C238EC003AAD10 /* IphonePhotoScreen */,
			);
		};
/* End PBXProject section */

/* Begin PBXResourcesBuildPhase section */
		D954673228C238EC003AAD10 /* Resources */ = {
			isa = PBXResourcesBuildPhase;
			buildActionMask = 2147483647;
			files = (
				D954674428C238ED003AAD10 /* LaunchScreen.storyboard in Resources */,
				D954674128C238ED003AAD10 /* Assets.xcassets in Resources */,
			);
			runOnlyForDeploymentPostprocessing = 0;
		};
/* End PBXResourcesBuildPhase section */

/* Begin PBXSourcesBuildPhase section */
		D954673028C238EC003AAD10 /* Sources */ = {
			isa = PBXSourcesBuildPhase;
			buildActionMask = 2147483647;
			files = (
				D95093CA28C5F03A00977EDF /* HeaderView.swift in Sources */,
				D95093C428C46DE300977EDF /* MyAlbumsCell.swift in Sources */,
				D954673C28C238EC003AAD10 /* MediaLibraryViewController.swift in Sources */,
				D95093C128C3476D00977EDF /* SearchViewController.swift in Sources */,
				D954673828C238EC003AAD10 /* AppDelegate.swift in Sources */,
				D95093BF28C3474C00977EDF /* AlbumsViewController.swift in Sources */,
				D954675528C34288003AAD10 /* MainTabBarController.swift in Sources */,
				D95093BD28C3472F00977EDF /* ForYouViewController.swift in Sources */,
				D95093C628C5339400977EDF /* AlbumsModel.swift in Sources */,
				D954673A28C238EC003AAD10 /* SceneDelegate.swift in Sources */,
			);
			runOnlyForDeploymentPostprocessing = 0;
		};
/* End PBXSourcesBuildPhase section */

/* Begin PBXVariantGroup section */
		D954674228C238ED003AAD10 /* LaunchScreen.storyboard */ = {
			isa = PBXVariantGroup;
			children = (
				D954674328C238ED003AAD10 /* Base */,
			);
			name = LaunchScreen.storyboard;
			sourceTree = "<group>";
		};
/* End PBXVariantGroup section */

/* Begin XCBuildConfiguration section */
		D954674628C238ED003AAD10 /* Debug */ = {
			isa = XCBuildConfiguration;
			buildSettings = {
				ALWAYS_SEARCH_USER_PATHS = NO;
				CLANG_ANALYZER_NONNULL = YES;
				CLANG_ANALYZER_NUMBER_OBJECT_CONVERSION = YES_AGGRESSIVE;
				CLANG_CXX_LANGUAGE_STANDARD = "gnu++17";
				CLANG_ENABLE_MODULES = YES;
				CLANG_ENABLE_OBJC_ARC = YES;
				CLANG_ENABLE_OBJC_WEAK = YES;
				CLANG_WARN_BLOCK_CAPTURE_AUTORELEASING = YES;
				CLANG_WARN_BOOL_CONVERSION = YES;
				CLANG_WARN_COMMA = YES;
				CLANG_WARN_CONSTANT_CONVERSION = YES;
				CLANG_WARN_DEPRECATED_OBJC_IMPLEMENTATIONS = YES;
				CLANG_WARN_DIRECT_OBJC_ISA_USAGE = YES_ERROR;
				CLANG_WARN_DOCUMENTATION_COMMENTS = YES;
				CLANG_WARN_EMPTY_BODY = YES;
				CLANG_WARN_ENUM_CONVERSION = YES;
				CLANG_WARN_INFINITE_RECURSION = YES;
				CLANG_WARN_INT_CONVERSION = YES;
				CLANG_WARN_NON_LITERAL_NULL_CONVERSION = YES;
				CLANG_WARN_OBJC_IMPLICIT_RETAIN_SELF = YES;
				CLANG_WARN_OBJC_LITERAL_CONVERSION = YES;
				CLANG_WARN_OBJC_ROOT_CLASS = YES_ERROR;
				CLANG_WARN_QUOTED_INCLUDE_IN_FRAMEWORK_HEADER = YES;
				CLANG_WARN_RANGE_LOOP_ANALYSIS = YES;
				CLANG_WARN_STRICT_PROTOTYPES = YES;
				CLANG_WARN_SUSPICIOUS_MOVE = YES;
				CLANG_WARN_UNGUARDED_AVAILABILITY = YES_AGGRESSIVE;
				CLANG_WARN_UNREACHABLE_CODE = YES;
				CLANG_WARN__DUPLICATE_METHOD_MATCH = YES;
				COPY_PHASE_STRIP = NO;
				DEBUG_INFORMATION_FORMAT = dwarf;
				ENABLE_STRICT_OBJC_MSGSEND = YES;
				ENABLE_TESTABILITY = YES;
				GCC_C_LANGUAGE_STANDARD = gnu11;
				GCC_DYNAMIC_NO_PIC = NO;
				GCC_NO_COMMON_BLOCKS = YES;
				GCC_OPTIMIZATION_LEVEL = 0;
				GCC_PREPROCESSOR_DEFINITIONS = (
					"DEBUG=1",
					"$(inherited)",
				);
				GCC_WARN_64_TO_32_BIT_CONVERSION = YES;
				GCC_WARN_ABOUT_RETURN_TYPE = YES_ERROR;
				GCC_WARN_UNDECLARED_SELECTOR = YES;
				GCC_WARN_UNINITIALIZED_AUTOS = YES_AGGRESSIVE;
				GCC_WARN_UNUSED_FUNCTION = YES;
				GCC_WARN_UNUSED_VARIABLE = YES;
				IPHONEOS_DEPLOYMENT_TARGET = 15.5;
				MTL_ENABLE_DEBUG_INFO = INCLUDE_SOURCE;
				MTL_FAST_MATH = YES;
				ONLY_ACTIVE_ARCH = YES;
				SDKROOT = iphoneos;
				SWIFT_ACTIVE_COMPILATION_CONDITIONS = DEBUG;
				SWIFT_OPTIMIZATION_LEVEL = "-Onone";
			};
			name = Debug;
		};
		D954674728C238ED003AAD10 /* Release */ = {
			isa = XCBuildConfiguration;
			buildSettings = {
				ALWAYS_SEARCH_USER_PATHS = NO;
				CLANG_ANALYZER_NONNULL = YES;
				CLANG_ANALYZER_NUMBER_OBJECT_CONVERSION = YES_AGGRESSIVE;
				CLANG_CXX_LANGUAGE_STANDARD = "gnu++17";
				CLANG_ENABLE_MODULES = YES;
				CLANG_ENABLE_OBJC_ARC = YES;
				CLANG_ENABLE_OBJC_WEAK = YES;
				CLANG_WARN_BLOCK_CAPTURE_AUTORELEASING = YES;
				CLANG_WARN_BOOL_CONVERSION = YES;
				CLANG_WARN_COMMA = YES;
				CLANG_WARN_CONSTANT_CONVERSION = YES;
				CLANG_WARN_DEPRECATED_OBJC_IMPLEMENTATIONS = YES;
				CLANG_WARN_DIRECT_OBJC_ISA_USAGE = YES_ERROR;
				CLANG_WARN_DOCUMENTATION_COMMENTS = YES;
				CLANG_WARN_EMPTY_BODY = YES;
				CLANG_WARN_ENUM_CONVERSION = YES;
				CLANG_WARN_INFINITE_RECURSION = YES;
				CLANG_WARN_INT_CONVERSION = YES;
				CLANG_WARN_NON_LITERAL_NULL_CONVERSION = YES;
				CLANG_WARN_OBJC_IMPLICIT_RETAIN_SELF = YES;
				CLANG_WARN_OBJC_LITERAL_CONVERSION = YES;
				CLANG_WARN_OBJC_ROOT_CLASS = YES_ERROR;
				CLANG_WARN_QUOTED_INCLUDE_IN_FRAMEWORK_HEADER = YES;
				CLANG_WARN_RANGE_LOOP_ANALYSIS = YES;
				CLANG_WARN_STRICT_PROTOTYPES = YES;
				CLANG_WARN_SUSPICIOUS_MOVE = YES;
				CLANG_WARN_UNGUARDED_AVAILABILITY = YES_AGGRESSIVE;
				CLANG_WARN_UNREACHABLE_CODE = YES;
				CLANG_WARN__DUPLICATE_METHOD_MATCH = YES;
				COPY_PHASE_STRIP = NO;
				DEBUG_INFORMATION_FORMAT = "dwarf-with-dsym";
				ENABLE_NS_ASSERTIONS = NO;
				ENABLE_STRICT_OBJC_MSGSEND = YES;
				GCC_C_LANGUAGE_STANDARD = gnu11;
				GCC_NO_COMMON_BLOCKS = YES;
				GCC_WARN_64_TO_32_BIT_CONVERSION = YES;
				GCC_WARN_ABOUT_RETURN_TYPE = YES_ERROR;
				GCC_WARN_UNDECLARED_SELECTOR = YES;
				GCC_WARN_UNINITIALIZED_AUTOS = YES_AGGRESSIVE;
				GCC_WARN_UNUSED_FUNCTION = YES;
				GCC_WARN_UNUSED_VARIABLE = YES;
				IPHONEOS_DEPLOYMENT_TARGET = 15.5;
				MTL_ENABLE_DEBUG_INFO = NO;
				MTL_FAST_MATH = YES;
				SDKROOT = iphoneos;
				SWIFT_COMPILATION_MODE = wholemodule;
				SWIFT_OPTIMIZATION_LEVEL = "-O";
				VALIDATE_PRODUCT = YES;
			};
			name = Release;
		};
		D954674928C238ED003AAD10 /* Debug */ = {
			isa = XCBuildConfiguration;
			buildSettings = {
				ASSETCATALOG_COMPILER_APPICON_NAME = AppIcon;
				ASSETCATALOG_COMPILER_GLOBAL_ACCENT_COLOR_NAME = AccentColor;
				CODE_SIGN_STYLE = Automatic;
				CURRENT_PROJECT_VERSION = 1;
				DEVELOPMENT_TEAM = 76N9URDUCT;
				GENERATE_INFOPLIST_FILE = YES;
				INFOPLIST_FILE = IphonePhotoScreen/Resources/Configuration/Info.plist;
				INFOPLIST_KEY_UIApplicationSupportsIndirectInputEvents = YES;
				INFOPLIST_KEY_UILaunchStoryboardName = LaunchScreen;
				INFOPLIST_KEY_UISupportedInterfaceOrientations_iPad = "UIInterfaceOrientationPortrait UIInterfaceOrientationPortraitUpsideDown UIInterfaceOrientationLandscapeLeft UIInterfaceOrientationLandscapeRight";
				INFOPLIST_KEY_UISupportedInterfaceOrientations_iPhone = "UIInterfaceOrientationPortrait UIInterfaceOrientationLandscapeLeft UIInterfaceOrientationLandscapeRight";
				LD_RUNPATH_SEARCH_PATHS = (
					"$(inherited)",
					"@executable_path/Frameworks",
				);
				MARKETING_VERSION = 1.0;
				PRODUCT_BUNDLE_IDENTIFIER = ArtemGalay.IphonePhotoScreen;
				PRODUCT_NAME = "$(TARGET_NAME)";
				SWIFT_EMIT_LOC_STRINGS = YES;
				SWIFT_VERSION = 5.0;
				TARGETED_DEVICE_FAMILY = "1,2";
			};
			name = Debug;
		};
		D954674A28C238ED003AAD10 /* Release */ = {
			isa = XCBuildConfiguration;
			buildSettings = {
				ASSETCATALOG_COMPILER_APPICON_NAME = AppIcon;
				ASSETCATALOG_COMPILER_GLOBAL_ACCENT_COLOR_NAME = AccentColor;
				CODE_SIGN_STYLE = Automatic;
				CURRENT_PROJECT_VERSION = 1;
				DEVELOPMENT_TEAM = 76N9URDUCT;
				GENERATE_INFOPLIST_FILE = YES;
				INFOPLIST_FILE = IphonePhotoScreen/Resources/Configuration/Info.plist;
				INFOPLIST_KEY_UIApplicationSupportsIndirectInputEvents = YES;
				INFOPLIST_KEY_UILaunchStoryboardName = LaunchScreen;
				INFOPLIST_KEY_UISupportedInterfaceOrientations_iPad = "UIInterfaceOrientationPortrait UIInterfaceOrientationPortraitUpsideDown UIInterfaceOrientationLandscapeLeft UIInterfaceOrientationLandscapeRight";
				INFOPLIST_KEY_UISupportedInterfaceOrientations_iPhone = "UIInterfaceOrientationPortrait UIInterfaceOrientationLandscapeLeft UIInterfaceOrientationLandscapeRight";
				LD_RUNPATH_SEARCH_PATHS = (
					"$(inherited)",
					"@executable_path/Frameworks",
				);
				MARKETING_VERSION = 1.0;
				PRODUCT_BUNDLE_IDENTIFIER = ArtemGalay.IphonePhotoScreen;
				PRODUCT_NAME = "$(TARGET_NAME)";
				SWIFT_EMIT_LOC_STRINGS = YES;
				SWIFT_VERSION = 5.0;
				TARGETED_DEVICE_FAMILY = "1,2";
			};
			name = Release;
		};
/* End XCBuildConfiguration section */

/* Begin XCConfigurationList section */
		D954672F28C238EC003AAD10 /* Build configuration list for PBXProject "IphonePhotoScreen" */ = {
			isa = XCConfigurationList;
			buildConfigurations = (
				D954674628C238ED003AAD10 /* Debug */,
				D954674728C238ED003AAD10 /* Release */,
			);
			defaultConfigurationIsVisible = 0;
			defaultConfigurationName = Release;
		};
		D954674828C238ED003AAD10 /* Build configuration list for PBXNativeTarget "IphonePhotoScreen" */ = {
			isa = XCConfigurationList;
			buildConfigurations = (
				D954674928C238ED003AAD10 /* Debug */,
				D954674A28C238ED003AAD10 /* Release */,
			);
			defaultConfigurationIsVisible = 0;
			defaultConfigurationName = Release;
		};
/* End XCConfigurationList section */
	};
	rootObject = D954672C28C238EC003AAD10 /* Project object */;
}
